# THIS IS AN AUTOGENERATED FILE. DO NOT EDIT THIS FILE DIRECTLY.
# yarn lockfile v1


emoji-picker-react@^3.4.8:
  version "3.4.8"
  resolved "https://registry.yarnpkg.com/emoji-picker-react/-/emoji-picker-react-3.4.8.tgz#6d3365a3447f9bb8b39ec1a007cdef39553d3810"
  integrity sha512-HsKsompl0zThl1jhLaRPHnn0MdPVs9AxJRa5KM7OVnteoCx/tNr9iMipC2rI2vAMkKstlkedirswUwKAu2AsDg==
